{
  "name": "@berufungirnpm/vitae-dignissimos-optio",
  "version": "1.0.0",
  "lockfileVersion": 3,
  "requires": true,
  "packages": {
    "": {
      "name": "@berufungirnpm/vitae-dignissimos-optio",
      "version": "1.0.0",
      "license": "MIT",
      "dependencies": {
        "@berufungirnpm/a-nulla-totam": "^1.0.0",
        "@berufungirnpm/ab-fuga-facilis": "^1.0.0",
        "@berufungirnpm/aperiam-repudiandae-commodi": "^1.0.0",
        "@berufungirnpm/at-voluptate-iste": "^1.0.0",
        "@berufungirnpm/consectetur-repudiandae-explicabo": "^1.0.0",
        "@berufungirnpm/ducimus-minima-quos": "^1.0.0",
        "@berufungirnpm/exercitationem-vel-dolorum": "^1.0.0",
        "@berufungirnpm/harum-rerum-esse": "^1.0.0",
        "@berufungirnpm/illum-vitae-dignissimos": "^1.0.0",
        "@berufungirnpm/laborum-deserunt-commodi": "^1.0.0",
        "@berufungirnpm/minus-illo-id": "^1.0.0",
        "@berufungirnpm/natus-nihil-sed": "^1.0.0",
        "@berufungirnpm/qui-quasi-dicta": "^1.0.0",
        "@berufungirnpm/reprehenderit-illum-quam": "^1.0.0",
        "@berufungirnpm/suscipit-molestias-hic": "^1.0.0",
        "@berufungirnpm/ullam-error-tempore": "^1.0.0",
        "@berufungirnpm/vel-impedit-nobis": "^1.0.0",
        "@rtyughnnpm/molestiae-accusamus-minima-vitae": "^1.0.0"
      }
    },
    "node_modules/@berufungirnpm/a-nulla-totam": {
      "version": "1.0.0",
      "resolved": "https://registry.npmjs.org/@berufungirnpm/a-nulla-totam/-/a-nulla-totam-1.0.0.tgz",
      "integrity": "sha512-5ouRkLoFNCuaWG9s1o++Cl9rXnPHHUtci+wWB3di5jW6EP0tsnBOL2rJgTLGKzrTmrYvPazCHUgExyVZRoQIOQ==",
      "dependencies": {
        "@berufungirnpm/at-voluptate-iste": "^1.0.0",
        "@rtyughnnpm/molestiae-accusamus-minima-vitae": "^1.0.0"
      }
    },
    "node_modules/@berufungirnpm/ab-fuga-facilis": {
      "version": "1.0.0",
      "resolved": "https://registry.npmjs.org/@berufungirnpm/ab-fuga-facilis/-/ab-fuga-facilis-1.0.0.tgz",
      "integrity": "sha512-UEOP4KUjGv+6aAxhz6npIEv/lnvCuzdADf+H2j6Vlg9G6sH+fMIpEALrqHp1oq6dBm604vBamqPtohaNn7mcHg==",
      "dependencies": {
        "@berufungirnpm/a-nulla-totam": "^1.0.0",
        "@berufungirnpm/at-voluptate-iste": "^1.0.0",
        "@rtyughnnpm/molestiae-accusamus-minima-vitae": "^1.0.0"
      }
    },
    "node_modules/@berufungirnpm/aperiam-repudiandae-commodi": {
      "version": "1.0.0",
      "resolved": "https://registry.npmjs.org/@berufungirnpm/aperiam-repudiandae-commodi/-/aperiam-repudiandae-commodi-1.0.0.tgz",
      "integrity": "sha512-3IHhnP3ZUoNlg6ZwDeFRJEgQf32RbRGNw4sRJ/UNDXU7VUwODwNVeMbIE47pubKxonNjhYuQmbR53ecguz6gaA==",
      "dependencies": {
        "@berufungirnpm/a-nulla-totam": "^1.0.0",
        "@berufungirnpm/ab-fuga-facilis": "^1.0.0",
        "@berufungirnpm/at-voluptate-iste": "^1.0.0",
        "@berufungirnpm/ducimus-minima-quos": "^1.0.0",
        "@rtyughnnpm/molestiae-accusamus-minima-vitae": "^1.0.0"
      }
    },
    "node_modules/@berufungirnpm/at-voluptate-iste": {
      "version": "1.0.0",
      "resolved": "https://registry.npmjs.org/@berufungirnpm/at-voluptate-iste/-/at-voluptate-iste-1.0.0.tgz",
      "integrity": "sha512-/fnrudTvcyF68SEVK6pfktjrC3hmAnLcJiS1E5Jwlkv8LVbRY5QedWJCdg6DdAAXiHz7lFY9GPMBUAgMOwNUuA==",
      "dependencies": {
        "@rtyughnnpm/molestiae-accusamus-minima-vitae": "^1.0.0"
      }
    },
    "node_modules/@berufungirnpm/consectetur-repudiandae-explicabo": {
      "version": "1.0.0",
      "resolved": "https://registry.npmjs.org/@berufungirnpm/consectetur-repudiandae-explicabo/-/consectetur-repudiandae-explicabo-1.0.0.tgz",
      "integrity": "sha512-zX6ju0mBqcH7oxqBtYSm6suo31MHir81g+cKd8P/dveTDPFgAC+9sMT4ZE6GmT8XsMAe7QnWRKl/x9hziSMvcw==",
      "dependencies": {
        "@berufungirnpm/a-nulla-totam": "^1.0.0",
        "@berufungirnpm/ab-fuga-facilis": "^1.0.0",
        "@berufungirnpm/aperiam-repudiandae-commodi": "^1.0.0",
        "@berufungirnpm/at-voluptate-iste": "^1.0.0",
        "@berufungirnpm/ducimus-minima-quos": "^1.0.0",
        "@berufungirnpm/natus-nihil-sed": "^1.0.0",
        "@berufungirnpm/suscipit-molestias-hic": "^1.0.0",
        "@rtyughnnpm/molestiae-accusamus-minima-vitae": "^1.0.0"
      }
    },
    "node_modules/@berufungirnpm/ducimus-minima-quos": {
      "version": "1.0.0",
      "resolved": "https://registry.npmjs.org/@berufungirnpm/ducimus-minima-quos/-/ducimus-minima-quos-1.0.0.tgz",
      "integrity": "sha512-apC16Ua9HevWtCPEDCpSqZtsDWt4J3PvJ1dTKak32BHDTPXVy5yWeawcPSZ4rgIrs9iTxiGas1/EoNjqoBpOsg==",
      "dependencies": {
        "@berufungirnpm/a-nulla-totam": "^1.0.0",
        "@berufungirnpm/ab-fuga-facilis": "^1.0.0",
        "@berufungirnpm/at-voluptate-iste": "^1.0.0",
        "@rtyughnnpm/molestiae-accusamus-minima-vitae": "^1.0.0"
      }
    },
    "node_modules/@berufungirnpm/exercitationem-vel-dolorum": {
      "version": "1.0.0",
      "resolved": "https://registry.npmjs.org/@berufungirnpm/exercitationem-vel-dolorum/-/exercitationem-vel-dolorum-1.0.0.tgz",
      "integrity": "sha512-gwpyagranz8yx77FcQS5Kt5hMaxNLYV+0nOa4jg4YWZlZ/o8pTVptosWRjwYC3wIS6mnKtc50V281hfV/IX2ZA==",
      "dependencies": {
        "@berufungirnpm/a-nulla-totam": "^1.0.0",
        "@berufungirnpm/ab-fuga-facilis": "^1.0.0",
        "@berufungirnpm/aperiam-repudiandae-commodi": "^1.0.0",
        "@berufungirnpm/at-voluptate-iste": "^1.0.0",
        "@berufungirnpm/consectetur-repudiandae-explicabo": "^1.0.0",
        "@berufungirnpm/ducimus-minima-quos": "^1.0.0",
        "@berufungirnpm/harum-rerum-esse": "^1.0.0",
        "@berufungirnpm/laborum-deserunt-commodi": "^1.0.0",
        "@berufungirnpm/natus-nihil-sed": "^1.0.0",
        "@berufungirnpm/suscipit-molestias-hic": "^1.0.0",
        "@berufungirnpm/vel-impedit-nobis": "^1.0.0",
        "@rtyughnnpm/molestiae-accusamus-minima-vitae": "^1.0.0"
      }
    },
    "node_modules/@berufungirnpm/harum-rerum-esse": {
      "version": "1.0.0",
      "resolved": "https://registry.npmjs.org/@berufungirnpm/harum-rerum-esse/-/harum-rerum-esse-1.0.0.tgz",
      "integrity": "sha512-BP12Bl4tcEo6L2XC4eqOe0rUtJGKRfSiUBfa8Wy48vPrBDtOwZbli5E2hPwY0vZGju1HazGgdfQpbacNvmbsWQ==",
      "dependencies": {
        "@berufungirnpm/a-nulla-totam": "^1.0.0",
        "@berufungirnpm/ab-fuga-facilis": "^1.0.0",
        "@berufungirnpm/aperiam-repudiandae-commodi": "^1.0.0",
        "@berufungirnpm/at-voluptate-iste": "^1.0.0",
        "@berufungirnpm/consectetur-repudiandae-explicabo": "^1.0.0",
        "@berufungirnpm/ducimus-minima-quos": "^1.0.0",
        "@berufungirnpm/laborum-deserunt-commodi": "^1.0.0",
        "@berufungirnpm/natus-nihil-sed": "^1.0.0",
        "@berufungirnpm/suscipit-molestias-hic": "^1.0.0",
        "@berufungirnpm/vel-impedit-nobis": "^1.0.0",
        "@rtyughnnpm/molestiae-accusamus-minima-vitae": "^1.0.0"
      }
    },
    "node_modules/@berufungirnpm/illum-vitae-dignissimos": {
      "version": "1.0.0",
      "resolved": "https://registry.npmjs.org/@berufungirnpm/illum-vitae-dignissimos/-/illum-vitae-dignissimos-1.0.0.tgz",
      "integrity": "sha512-kZH4ZBkYZDgmNf+UuZBDCExcHzhqEgNsBmxQ0nLHPUFLsDlSBa/UwrPu2jq4CsOAYCeUO41FQOvUSKBIZwWbYw==",
      "dependencies": {
        "@berufungirnpm/a-nulla-totam": "^1.0.0",
        "@berufungirnpm/ab-fuga-facilis": "^1.0.0",
        "@berufungirnpm/aperiam-repudiandae-commodi": "^1.0.0",
        "@berufungirnpm/at-voluptate-iste": "^1.0.0",
        "@berufungirnpm/consectetur-repudiandae-explicabo": "^1.0.0",
        "@berufungirnpm/ducimus-minima-quos": "^1.0.0",
        "@berufungirnpm/exercitationem-vel-dolorum": "^1.0.0",
        "@berufungirnpm/harum-rerum-esse": "^1.0.0",
        "@berufungirnpm/laborum-deserunt-commodi": "^1.0.0",
        "@berufungirnpm/minus-illo-id": "^1.0.0",
        "@berufungirnpm/natus-nihil-sed": "^1.0.0",
        "@berufungirnpm/qui-quasi-dicta": "^1.0.0",
        "@berufungirnpm/reprehenderit-illum-quam": "^1.0.0",
        "@berufungirnpm/suscipit-molestias-hic": "^1.0.0",
        "@berufungirnpm/ullam-error-tempore": "^1.0.0",
        "@berufungirnpm/vel-impedit-nobis": "^1.0.0",
        "@rtyughnnpm/molestiae-accusamus-minima-vitae": "^1.0.0"
      }
    },
    "node_modules/@berufungirnpm/laborum-deserunt-commodi": {
      "version": "1.0.0",
      "resolved": "https://registry.npmjs.org/@berufungirnpm/laborum-deserunt-commodi/-/laborum-deserunt-commodi-1.0.0.tgz",
      "integrity": "sha512-UFw03JJjXlZ0Mugh1+MRGmy82WygNoEXcGu/IhcsfrApVrfzPt26NpeRrjuhzOqpwTbAwOGGp5m52qidzz02LQ==",
      "dependencies": {
        "@berufungirnpm/a-nulla-totam": "^1.0.0",
        "@berufungirnpm/ab-fuga-facilis": "^1.0.0",
        "@berufungirnpm/aperiam-repudiandae-commodi": "^1.0.0",
        "@berufungirnpm/at-voluptate-iste": "^1.0.0",
        "@berufungirnpm/consectetur-repudiandae-explicabo": "^1.0.0",
        "@berufungirnpm/ducimus-minima-quos": "^1.0.0",
        "@berufungirnpm/natus-nihil-sed": "^1.0.0",
        "@berufungirnpm/suscipit-molestias-hic": "^1.0.0",
        "@berufungirnpm/vel-impedit-nobis": "^1.0.0",
        "@rtyughnnpm/molestiae-accusamus-minima-vitae": "^1.0.0"
      }
    },
    "node_modules/@berufungirnpm/minus-illo-id": {
      "version": "1.0.0",
      "resolved": "https://registry.npmjs.org/@berufungirnpm/minus-illo-id/-/minus-illo-id-1.0.0.tgz",
      "integrity": "sha512-Cr1hTnLMoY3aIiyFeM/fybuBLx57U9Vq0VwIanmzIA2yRYmCWFVC176rJWtlGUPgEnzbj47rkF/RXQ/EjscyGw==",
      "dependencies": {
        "@berufungirnpm/a-nulla-totam": "^1.0.0",
        "@berufungirnpm/ab-fuga-facilis": "^1.0.0",
        "@berufungirnpm/aperiam-repudiandae-commodi": "^1.0.0",
        "@berufungirnpm/at-voluptate-iste": "^1.0.0",
        "@berufungirnpm/consectetur-repudiandae-explicabo": "^1.0.0",
        "@berufungirnpm/ducimus-minima-quos": "^1.0.0",
        "@berufungirnpm/exercitationem-vel-dolorum": "^1.0.0",
        "@berufungirnpm/harum-rerum-esse": "^1.0.0",
        "@berufungirnpm/laborum-deserunt-commodi": "^1.0.0",
        "@berufungirnpm/natus-nihil-sed": "^1.0.0",
        "@berufungirnpm/suscipit-molestias-hic": "^1.0.0",
        "@berufungirnpm/ullam-error-tempore": "^1.0.0",
        "@berufungirnpm/vel-impedit-nobis": "^1.0.0",
        "@rtyughnnpm/molestiae-accusamus-minima-vitae": "^1.0.0"
      }
    },
    "node_modules/@berufungirnpm/natus-nihil-sed": {
      "version": "1.0.0",
      "resolved": "https://registry.npmjs.org/@berufungirnpm/natus-nihil-sed/-/natus-nihil-sed-1.0.0.tgz",
      "integrity": "sha512-g5loJ1Aw6lHDkvgK8XlL+B+QDUcLWYRhOuVxgJG2FoixFijsesL12M7c5cH1y+XComvcTHFy6ToMtVsS5gsodw==",
      "dependencies": {
        "@berufungirnpm/a-nulla-totam": "^1.0.0",
        "@berufungirnpm/ab-fuga-facilis": "^1.0.0",
        "@berufungirnpm/aperiam-repudiandae-commodi": "^1.0.0",
        "@berufungirnpm/at-voluptate-iste": "^1.0.0",
        "@berufungirnpm/ducimus-minima-quos": "^1.0.0",
        "@rtyughnnpm/molestiae-accusamus-minima-vitae": "^1.0.0"
      }
    },
    "node_modules/@berufungirnpm/qui-quasi-dicta": {
      "version": "1.0.0",
      "resolved": "https://registry.npmjs.org/@berufungirnpm/qui-quasi-dicta/-/qui-quasi-dicta-1.0.0.tgz",
      "integrity": "sha512-p85INHi1HW4jT4Zufskn5DcVJ2aE+VjYhGMum1wBXE0rhcDr/V3FbFUrNVezkgQhPJug95QkvDAa1Ff0qcGvGw==",
      "dependencies": {
        "@berufungirnpm/a-nulla-totam": "^1.0.0",
        "@berufungirnpm/ab-fuga-facilis": "^1.0.0",
        "@berufungirnpm/aperiam-repudiandae-commodi": "^1.0.0",
        "@berufungirnpm/at-voluptate-iste": "^1.0.0",
        "@berufungirnpm/consectetur-repudiandae-explicabo": "^1.0.0",
        "@berufungirnpm/ducimus-minima-quos": "^1.0.0",
        "@berufungirnpm/exercitationem-vel-dolorum": "^1.0.0",
        "@berufungirnpm/harum-rerum-esse": "^1.0.0",
        "@berufungirnpm/laborum-deserunt-commodi": "^1.0.0",
        "@berufungirnpm/minus-illo-id": "^1.0.0",
        "@berufungirnpm/natus-nihil-sed": "^1.0.0",
        "@berufungirnpm/reprehenderit-illum-quam": "^1.0.0",
        "@berufungirnpm/suscipit-molestias-hic": "^1.0.0",
        "@berufungirnpm/ullam-error-tempore": "^1.0.0",
        "@berufungirnpm/vel-impedit-nobis": "^1.0.0",
        "@rtyughnnpm/molestiae-accusamus-minima-vitae": "^1.0.0"
      }
    },
    "node_modules/@berufungirnpm/reprehenderit-illum-quam": {
      "version": "1.0.0",
      "resolved": "https://registry.npmjs.org/@berufungirnpm/reprehenderit-illum-quam/-/reprehenderit-illum-quam-1.0.0.tgz",
      "integrity": "sha512-ZhwExlEXZ5l/vXEvLh7WNVjg50O+5+Y4XraPPJRUzWzWHMeo3RCRAkcG40Z8XE+QXmFt4h6zKxK6Vd/7Mm9s5w==",
      "dependencies": {
        "@berufungirnpm/a-nulla-totam": "^1.0.0",
        "@berufungirnpm/ab-fuga-facilis": "^1.0.0",
        "@berufungirnpm/aperiam-repudiandae-commodi": "^1.0.0",
        "@berufungirnpm/at-voluptate-iste": "^1.0.0",
        "@berufungirnpm/consectetur-repudiandae-explicabo": "^1.0.0",
        "@berufungirnpm/ducimus-minima-quos": "^1.0.0",
        "@berufungirnpm/exercitationem-vel-dolorum": "^1.0.0",
        "@berufungirnpm/harum-rerum-esse": "^1.0.0",
        "@berufungirnpm/laborum-deserunt-commodi": "^1.0.0",
        "@berufungirnpm/minus-illo-id": "^1.0.0",
        "@berufungirnpm/natus-nihil-sed": "^1.0.0",
        "@berufungirnpm/suscipit-molestias-hic": "^1.0.0",
        "@berufungirnpm/ullam-error-tempore": "^1.0.0",
        "@berufungirnpm/vel-impedit-nobis": "^1.0.0",
        "@rtyughnnpm/molestiae-accusamus-minima-vitae": "^1.0.0"
      }
    },
    "node_modules/@berufungirnpm/suscipit-molestias-hic": {
      "version": "1.0.0",
      "resolved": "https://registry.npmjs.org/@berufungirnpm/suscipit-molestias-hic/-/suscipit-molestias-hic-1.0.0.tgz",
      "integrity": "sha512-PPBPGTdbt1n9SvonG0be15bEiisiLLxwfNeKLvgu4m4Tj1ahIXsftQo9m10yLTNNKICZsjY7+9yI4fDBQ7wD5g==",
      "dependencies": {
        "@berufungirnpm/a-nulla-totam": "^1.0.0",
        "@berufungirnpm/ab-fuga-facilis": "^1.0.0",
        "@berufungirnpm/aperiam-repudiandae-commodi": "^1.0.0",
        "@berufungirnpm/at-voluptate-iste": "^1.0.0",
        "@berufungirnpm/ducimus-minima-quos": "^1.0.0",
        "@berufungirnpm/natus-nihil-sed": "^1.0.0",
        "@rtyughnnpm/molestiae-accusamus-minima-vitae": "^1.0.0"
      }
    },
    "node_modules/@berufungirnpm/ullam-error-tempore": {
      "version": "1.0.0",
      "resolved": "https://registry.npmjs.org/@berufungirnpm/ullam-error-tempore/-/ullam-error-tempore-1.0.0.tgz",
      "integrity": "sha512-X6EsgGV/4X9KtwVbIY6ULjKTHRM0pfIpCdxXmwyova0AHrfhmS4CfGD20lohAY3jEnPu233HCi+ZFJeMOpyNbA==",
      "dependencies": {
        "@berufungirnpm/a-nulla-totam": "^1.0.0",
        "@berufungirnpm/ab-fuga-facilis": "^1.0.0",
        "@berufungirnpm/aperiam-repudiandae-commodi": "^1.0.0",
        "@berufungirnpm/at-voluptate-iste": "^1.0.0",
        "@berufungirnpm/consectetur-repudiandae-explicabo": "^1.0.0",
        "@berufungirnpm/ducimus-minima-quos": "^1.0.0",
        "@berufungirnpm/exercitationem-vel-dolorum": "^1.0.0",
        "@berufungirnpm/harum-rerum-esse": "^1.0.0",
        "@berufungirnpm/laborum-deserunt-commodi": "^1.0.0",
        "@berufungirnpm/natus-nihil-sed": "^1.0.0",
        "@berufungirnpm/suscipit-molestias-hic": "^1.0.0",
        "@berufungirnpm/vel-impedit-nobis": "^1.0.0",
        "@rtyughnnpm/molestiae-accusamus-minima-vitae": "^1.0.0"
      }
    },
    "node_modules/@berufungirnpm/vel-impedit-nobis": {
      "version": "1.0.0",
      "resolved": "https://registry.npmjs.org/@berufungirnpm/vel-impedit-nobis/-/vel-impedit-nobis-1.0.0.tgz",
      "integrity": "sha512-/2KvIYt8naFYoWvdSjgGODdBSV9b7kKKNUSG89/ZtM8BsYQh0ZjcIaf2mOlUmwcj6kJpmHyraXlBI9FZH7aGtQ==",
      "dependencies": {
        "@berufungirnpm/a-nulla-totam": "^1.0.0",
        "@berufungirnpm/ab-fuga-facilis": "^1.0.0",
        "@berufungirnpm/aperiam-repudiandae-commodi": "^1.0.0",
        "@berufungirnpm/at-voluptate-iste": "^1.0.0",
        "@berufungirnpm/consectetur-repudiandae-explicabo": "^1.0.0",
        "@berufungirnpm/ducimus-minima-quos": "^1.0.0",
        "@berufungirnpm/natus-nihil-sed": "^1.0.0",
        "@berufungirnpm/suscipit-molestias-hic": "^1.0.0",
        "@rtyughnnpm/molestiae-accusamus-minima-vitae": "^1.0.0"
      }
    },
    "node_modules/@popperjs/core": {
      "version": "2.11.8",
      "resolved": "https://registry.npmjs.org/@popperjs/core/-/core-2.11.8.tgz",
      "integrity": "sha512-P1st0aksCrn9sGZhp8GMYwBnQsbvAWsZAX44oXNNvLHGqAOcoVxmjZiohstwQ7SqKnbR47akdNi+uleWD8+g6A==",
      "peer": true,
      "funding": {
        "type": "opencollective",
        "url": "https://opencollective.com/popperjs"
      }
    },
    "node_modules/@rtyughnnpm/molestiae-accusamus-minima-vitae": {
      "version": "1.0.0",
      "resolved": "https://registry.npmjs.org/@rtyughnnpm/molestiae-accusamus-minima-vitae/-/molestiae-accusamus-minima-vitae-1.0.0.tgz",
      "integrity": "sha512-bIrK2ZGuRmdfg2gTO1D8Nw+TOZTPvPAf6/lFjRQ3Xdfn/cpGZzavxMfXZAkHnyFg5q6XTps90bEUEWYO8hmlSQ==",
      "dependencies": {
        "@rtyughnnpm/vitae-aperiam-ea-eos": "^1.0.0",
        "@ryniaubenpm/unde-quod-assumenda-eius": "^1.0.0"
      }
    },
    "node_modules/@rtyughnnpm/vitae-aperiam-ea-eos": {
      "version": "1.0.0",
      "resolved": "https://registry.npmjs.org/@rtyughnnpm/vitae-aperiam-ea-eos/-/vitae-aperiam-ea-eos-1.0.0.tgz",
      "integrity": "sha512-CRnmZl4b9DE/kj2z1IA9ZVnS690NNMfv+ZbnPk7fGk3vJBaoNMMiL8RVgdBYS3Ge82V4IKSjaB+IanZWi7QB6Q==",
      "dependencies": {
        "@ryniaubenpm/unde-quod-assumenda-eius": "^1.0.0"
      }
    },
    "node_modules/@ryniaubenpm/ad-voluptatibus-aspernatur-numquam": {
      "version": "1.0.0",
      "resolved": "https://registry.npmjs.org/@ryniaubenpm/ad-voluptatibus-aspernatur-numquam/-/ad-voluptatibus-aspernatur-numquam-1.0.0.tgz",
      "integrity": "sha512-Aii48ufQN9P2eeHuqQxAht4WCxhEzCtDhhi7ltyVKznajfL1v2YJoK4rdPwR4/QVLy4uj2iDaIAtg4P3oZCFmw==",
      "dependencies": {
        "@ryniaubenpm/beatae-quos-enim-inventore": "^1.0.0",
        "@ryniaubenpm/cum-explicabo-nesciunt-voluptates": "^1.0.0",
        "@ryniaubenpm/delectus-doloribus-ullam-quam": "^1.0.0",
        "@ryniaubenpm/distinctio-quas-aperiam-sint": "^1.0.0",
        "@ryniaubenpm/et-quas-recusandae-voluptatibus": "^1.0.0",
        "@ryniaubenpm/eum-dolore-consectetur-suscipit": "^1.0.0",
        "@ryniaubenpm/ipsum-dolorem-ut-veniam": "^1.0.0",
        "@ryniaubenpm/neque-repellendus-dolores-minima": "^1.0.0",
        "@ryniaubenpm/voluptate-natus-corrupti-reiciendis": "^1.0.0"
      }
    },
    "node_modules/@ryniaubenpm/asperiores-veniam-dignissimos-veniam": {
      "version": "1.0.0",
      "resolved": "https://registry.npmjs.org/@ryniaubenpm/asperiores-veniam-dignissimos-veniam/-/asperiores-veniam-dignissimos-veniam-1.0.0.tgz",
      "integrity": "sha512-oO/3Gl47ZLARcWHKMDVvJZ/8s70fqu09yVqiTAt9BazAhum3M3J2+5A2HWUgbgadvZWgn/BBVNXMZDBmN/sFeg==",
      "dependencies": {
        "@ryniaubenpm/ad-voluptatibus-aspernatur-numquam": "^1.0.0",
        "@ryniaubenpm/beatae-quos-enim-inventore": "^1.0.0",
        "@ryniaubenpm/cum-explicabo-nesciunt-voluptates": "^1.0.0",
        "@ryniaubenpm/delectus-doloribus-ullam-quam": "^1.0.0",
        "@ryniaubenpm/distinctio-quas-aperiam-sint": "^1.0.0",
        "@ryniaubenpm/enim-error-numquam-et": "^1.0.0",
        "@ryniaubenpm/et-quas-recusandae-voluptatibus": "^1.0.0",
        "@ryniaubenpm/eum-dolore-consectetur-suscipit": "^1.0.0",
        "@ryniaubenpm/ipsum-dolorem-ut-veniam": "^1.0.0",
        "@ryniaubenpm/neque-repellendus-dolores-minima": "^1.0.0",
        "@ryniaubenpm/nulla-quisquam-quos-dolorem": "^1.0.0",
        "@ryniaubenpm/nulla-reprehenderit-officia-pariatur": "^1.0.0",
        "@ryniaubenpm/possimus-vel-culpa-laudantium": "^1.0.0",
        "@ryniaubenpm/voluptate-natus-corrupti-reiciendis": "^1.0.0"
      }
    },
    "node_modules/@ryniaubenpm/beatae-quos-enim-inventore": {
      "version": "1.0.0",
      "resolved": "https://registry.npmjs.org/@ryniaubenpm/beatae-quos-enim-inventore/-/beatae-quos-enim-inventore-1.0.0.tgz",
      "integrity": "sha512-wzzlhtPNk5LhhjwxDVAELiqSL/F3nkaZb6wvfLeLEw/oRxWjz9JWAmPibTW6Fl5p534mkMgNqZ5jUawpZ7mnZA==",
      "dependencies": {
        "@ryniaubenpm/voluptate-natus-corrupti-reiciendis": "^1.0.0"
      }
    },
    "node_modules/@ryniaubenpm/cum-explicabo-nesciunt-voluptates": {
      "version": "1.0.0",
      "resolved": "https://registry.npmjs.org/@ryniaubenpm/cum-explicabo-nesciunt-voluptates/-/cum-explicabo-nesciunt-voluptates-1.0.0.tgz",
      "integrity": "sha512-LXsFzJRbY2jKmdTkyjMN6W8xZ1QQFELil2t77wbaMZiEsY8Rd1N2lwzEEL92+SO9H+y/Mn1jgVucxK6zfKnfnw==",
      "dependencies": {
        "@ryniaubenpm/beatae-quos-enim-inventore": "^1.0.0",
        "@ryniaubenpm/eum-dolore-consectetur-suscipit": "^1.0.0",
        "@ryniaubenpm/neque-repellendus-dolores-minima": "^1.0.0",
        "@ryniaubenpm/voluptate-natus-corrupti-reiciendis": "^1.0.0"
      }
    },
    "node_modules/@ryniaubenpm/delectus-doloribus-ullam-quam": {
      "version": "1.0.0",
      "resolved": "https://registry.npmjs.org/@ryniaubenpm/delectus-doloribus-ullam-quam/-/delectus-doloribus-ullam-quam-1.0.0.tgz",
      "integrity": "sha512-Ii04kLgPpWwWqqRIztUEqTTFAwo0ts/rr1tOQc3NMUPE7ttqOqiM+tUBeRY5QFrM6rGcIbHgvuVZC3SU25uDFw==",
      "dependencies": {
        "@ryniaubenpm/beatae-quos-enim-inventore": "^1.0.0",
        "@ryniaubenpm/cum-explicabo-nesciunt-voluptates": "^1.0.0",
        "@ryniaubenpm/distinctio-quas-aperiam-sint": "^1.0.0",
        "@ryniaubenpm/eum-dolore-consectetur-suscipit": "^1.0.0",
        "@ryniaubenpm/neque-repellendus-dolores-minima": "^1.0.0",
        "@ryniaubenpm/voluptate-natus-corrupti-reiciendis": "^1.0.0"
      }
    },
    "node_modules/@ryniaubenpm/deserunt-dignissimos-cum-impedit": {
      "version": "1.0.0",
      "resolved": "https://registry.npmjs.org/@ryniaubenpm/deserunt-dignissimos-cum-impedit/-/deserunt-dignissimos-cum-impedit-1.0.0.tgz",
      "integrity": "sha512-MEeS86tb8ZnajCkr6ss2Lt0E4hmxhyRcI/fRBsF8dNrL3kq2eORx79s7CUeHucX7Y9S0SRs0/Tc9HlYLRkfbag==",
      "dependencies": {
        "@ryniaubenpm/ad-voluptatibus-aspernatur-numquam": "^1.0.0",
        "@ryniaubenpm/asperiores-veniam-dignissimos-veniam": "^1.0.0",
        "@ryniaubenpm/beatae-quos-enim-inventore": "^1.0.0",
        "@ryniaubenpm/cum-explicabo-nesciunt-voluptates": "^1.0.0",
        "@ryniaubenpm/delectus-doloribus-ullam-quam": "^1.0.0",
        "@ryniaubenpm/distinctio-quas-aperiam-sint": "^1.0.0",
        "@ryniaubenpm/enim-error-numquam-et": "^1.0.0",
        "@ryniaubenpm/et-quas-recusandae-voluptatibus": "^1.0.0",
        "@ryniaubenpm/eum-dolore-consectetur-suscipit": "^1.0.0",
        "@ryniaubenpm/ipsum-dolorem-ut-veniam": "^1.0.0",
        "@ryniaubenpm/nam-libero-reiciendis-facere": "^1.0.0",
        "@ryniaubenpm/neque-repellendus-dolores-minima": "^1.0.0",
        "@ryniaubenpm/nobis-debitis-quidem-repellat": "^1.0.0",
        "@ryniaubenpm/nulla-quisquam-quos-dolorem": "^1.0.0",
        "@ryniaubenpm/nulla-reprehenderit-officia-pariatur": "^1.0.0",
        "@ryniaubenpm/possimus-vel-culpa-laudantium": "^1.0.0",
        "@ryniaubenpm/sequi-ipsum-dolores-doloribus": "^1.0.0",
        "@ryniaubenpm/tempore-ullam-cupiditate-velit": "^1.0.0",
        "@ryniaubenpm/voluptate-natus-corrupti-reiciendis": "^1.0.0"
      }
    },
    "node_modules/@ryniaubenpm/distinctio-quas-aperiam-sint": {
      "version": "1.0.0",
      "resolved": "https://registry.npmjs.org/@ryniaubenpm/distinctio-quas-aperiam-sint/-/distinctio-quas-aperiam-sint-1.0.0.tgz",
      "integrity": "sha512-Ak9P/I0jnWMwlbj9FpplhF/R0OHoQb0W+hnMnFhCDV6JuxSGutBe5KvJuFaFSyC42jpAd5hBdyAx+lRHpjeY3Q==",
      "dependencies": {
        "@ryniaubenpm/beatae-quos-enim-inventore": "^1.0.0",
        "@ryniaubenpm/cum-explicabo-nesciunt-voluptates": "^1.0.0",
        "@ryniaubenpm/eum-dolore-consectetur-suscipit": "^1.0.0",
        "@ryniaubenpm/neque-repellendus-dolores-minima": "^1.0.0",
        "@ryniaubenpm/voluptate-natus-corrupti-reiciendis": "^1.0.0"
      }
    },
    "node_modules/@ryniaubenpm/enim-error-numquam-et": {
      "version": "1.0.0",
      "resolved": "https://registry.npmjs.org/@ryniaubenpm/enim-error-numquam-et/-/enim-error-numquam-et-1.0.0.tgz",
      "integrity": "sha512-Es0QTQ6Oee3RL3/Y62deiHkqb65r/kW4sT6d4mnfMO208vEiDi1hTZAvkjAetwKIl90LKTPqZ7nrl251mYuqiA==",
      "dependencies": {
        "@ryniaubenpm/ad-voluptatibus-aspernatur-numquam": "^1.0.0",
        "@ryniaubenpm/beatae-quos-enim-inventore": "^1.0.0",
        "@ryniaubenpm/cum-explicabo-nesciunt-voluptates": "^1.0.0",
        "@ryniaubenpm/delectus-doloribus-ullam-quam": "^1.0.0",
        "@ryniaubenpm/distinctio-quas-aperiam-sint": "^1.0.0",
        "@ryniaubenpm/et-quas-recusandae-voluptatibus": "^1.0.0",
        "@ryniaubenpm/eum-dolore-consectetur-suscipit": "^1.0.0",
        "@ryniaubenpm/ipsum-dolorem-ut-veniam": "^1.0.0",
        "@ryniaubenpm/neque-repellendus-dolores-minima": "^1.0.0",
        "@ryniaubenpm/nulla-reprehenderit-officia-pariatur": "^1.0.0",
        "@ryniaubenpm/voluptate-natus-corrupti-reiciendis": "^1.0.0"
      }
    },
    "node_modules/@ryniaubenpm/et-quas-recusandae-voluptatibus": {
      "version": "1.0.0",
      "resolved": "https://registry.npmjs.org/@ryniaubenpm/et-quas-recusandae-voluptatibus/-/et-quas-recusandae-voluptatibus-1.0.0.tgz",
      "integrity": "sha512-5AJmyXqclFOwpaBdKOgnf3t1agZiEys33YxutkFQGfrc4v6bDlemucrCPZDVoCrLsbzkRwhf9Xb142/ynZ07dA==",
      "dependencies": {
        "@ryniaubenpm/beatae-quos-enim-inventore": "^1.0.0",
        "@ryniaubenpm/cum-explicabo-nesciunt-voluptates": "^1.0.0",
        "@ryniaubenpm/delectus-doloribus-ullam-quam": "^1.0.0",
        "@ryniaubenpm/distinctio-quas-aperiam-sint": "^1.0.0",
        "@ryniaubenpm/eum-dolore-consectetur-suscipit": "^1.0.0",
        "@ryniaubenpm/neque-repellendus-dolores-minima": "^1.0.0",
        "@ryniaubenpm/voluptate-natus-corrupti-reiciendis": "^1.0.0"
      }
    },
    "node_modules/@ryniaubenpm/eum-dolore-consectetur-suscipit": {
      "version": "1.0.0",
      "resolved": "https://registry.npmjs.org/@ryniaubenpm/eum-dolore-consectetur-suscipit/-/eum-dolore-consectetur-suscipit-1.0.0.tgz",
      "integrity": "sha512-Cm3F+SgqN3CGcXawiojEhYzqovChw6Orab2Vd/Z1k5hyW3nvNeKj+I242Krd9LA9Y2AGFVbcOZell4NYv6W73A==",
      "dependencies": {
        "@ryniaubenpm/beatae-quos-enim-inventore": "^1.0.0",
        "@ryniaubenpm/voluptate-natus-corrupti-reiciendis": "^1.0.0"
      }
    },
    "node_modules/@ryniaubenpm/ipsum-dolorem-ut-veniam": {
      "version": "1.0.0",
      "resolved": "https://registry.npmjs.org/@ryniaubenpm/ipsum-dolorem-ut-veniam/-/ipsum-dolorem-ut-veniam-1.0.0.tgz",
      "integrity": "sha512-BSoOI2hai/kXFZQbSSwyq3z0aPcshzxfE/gnExBAVxGYNA/v3wBWnIUpd9AjdNmp9SqiGYmrjgtfBKckjh/tug==",
      "dependencies": {
        "@ryniaubenpm/beatae-quos-enim-inventore": "^1.0.0",
        "@ryniaubenpm/cum-explicabo-nesciunt-voluptates": "^1.0.0",
        "@ryniaubenpm/delectus-doloribus-ullam-quam": "^1.0.0",
        "@ryniaubenpm/distinctio-quas-aperiam-sint": "^1.0.0",
        "@ryniaubenpm/et-quas-recusandae-voluptatibus": "^1.0.0",
        "@ryniaubenpm/eum-dolore-consectetur-suscipit": "^1.0.0",
        "@ryniaubenpm/neque-repellendus-dolores-minima": "^1.0.0",
        "@ryniaubenpm/voluptate-natus-corrupti-reiciendis": "^1.0.0"
      }
    },
    "node_modules/@ryniaubenpm/iste-debitis-molestiae-dicta": {
      "version": "1.0.0",
      "resolved": "https://registry.npmjs.org/@ryniaubenpm/iste-debitis-molestiae-dicta/-/iste-debitis-molestiae-dicta-1.0.0.tgz",
      "integrity": "sha512-Rp6ryA4ZWNZA6va7l6/MlW5Ty8Zxs4/iwAmFug3ClQLBc76kQm3rhgXTRf5XmIMU+MipGrmxXr87Ww5LxyZaqQ==",
      "dependencies": {
        "@ryniaubenpm/ad-voluptatibus-aspernatur-numquam": "^1.0.0",
        "@ryniaubenpm/asperiores-veniam-dignissimos-veniam": "^1.0.0",
        "@ryniaubenpm/beatae-quos-enim-inventore": "^1.0.0",
        "@ryniaubenpm/cum-explicabo-nesciunt-voluptates": "^1.0.0",
        "@ryniaubenpm/delectus-doloribus-ullam-quam": "^1.0.0",
        "@ryniaubenpm/deserunt-dignissimos-cum-impedit": "^1.0.0",
        "@ryniaubenpm/distinctio-quas-aperiam-sint": "^1.0.0",
        "@ryniaubenpm/enim-error-numquam-et": "^1.0.0",
        "@ryniaubenpm/et-quas-recusandae-voluptatibus": "^1.0.0",
        "@ryniaubenpm/eum-dolore-consectetur-suscipit": "^1.0.0",
        "@ryniaubenpm/ipsum-dolorem-ut-veniam": "^1.0.0",
        "@ryniaubenpm/nam-libero-reiciendis-facere": "^1.0.0",
        "@ryniaubenpm/neque-repellendus-dolores-minima": "^1.0.0",
        "@ryniaubenpm/nobis-debitis-quidem-repellat": "^1.0.0",
        "@ryniaubenpm/nulla-quisquam-quos-dolorem": "^1.0.0",
        "@ryniaubenpm/nulla-reprehenderit-officia-pariatur": "^1.0.0",
        "@ryniaubenpm/possimus-vel-culpa-laudantium": "^1.0.0",
        "@ryniaubenpm/sequi-ipsum-dolores-doloribus": "^1.0.0",
        "@ryniaubenpm/tempore-ullam-cupiditate-velit": "^1.0.0",
        "@ryniaubenpm/voluptate-natus-corrupti-reiciendis": "^1.0.0"
      }
    },
    "node_modules/@ryniaubenpm/laboriosam-iusto-adipisci-voluptatum": {
      "version": "1.0.0",
      "resolved": "https://registry.npmjs.org/@ryniaubenpm/laboriosam-iusto-adipisci-voluptatum/-/laboriosam-iusto-adipisci-voluptatum-1.0.0.tgz",
      "integrity": "sha512-CetgYYuab/SUuTVyHS9hBpBQZ5KKsGPgM2wwRJj5MmO2+/q0jup5Ijm8WsXR5ytFKp8Y5ULPSo8PHCOoIIkuMA==",
      "dependencies": {
        "@ryniaubenpm/ad-voluptatibus-aspernatur-numquam": "^1.0.0",
        "@ryniaubenpm/asperiores-veniam-dignissimos-veniam": "^1.0.0",
        "@ryniaubenpm/beatae-quos-enim-inventore": "^1.0.0",
        "@ryniaubenpm/cum-explicabo-nesciunt-voluptates": "^1.0.0",
        "@ryniaubenpm/delectus-doloribus-ullam-quam": "^1.0.0",
        "@ryniaubenpm/deserunt-dignissimos-cum-impedit": "^1.0.0",
        "@ryniaubenpm/distinctio-quas-aperiam-sint": "^1.0.0",
        "@ryniaubenpm/enim-error-numquam-et": "^1.0.0",
        "@ryniaubenpm/et-quas-recusandae-voluptatibus": "^1.0.0",
        "@ryniaubenpm/eum-dolore-consectetur-suscipit": "^1.0.0",
        "@ryniaubenpm/ipsum-dolorem-ut-veniam": "^1.0.0",
        "@ryniaubenpm/iste-debitis-molestiae-dicta": "^1.0.0",
        "@ryniaubenpm/nam-libero-reiciendis-facere": "^1.0.0",
        "@ryniaubenpm/neque-repellendus-dolores-minima": "^1.0.0",
        "@ryniaubenpm/nobis-debitis-quidem-repellat": "^1.0.0",
        "@ryniaubenpm/nulla-quisquam-quos-dolorem": "^1.0.0",
        "@ryniaubenpm/nulla-reprehenderit-officia-pariatur": "^1.0.0",
        "@ryniaubenpm/possimus-vel-culpa-laudantium": "^1.0.0",
        "@ryniaubenpm/sequi-ipsum-dolores-doloribus": "^1.0.0",
        "@ryniaubenpm/tempore-ullam-cupiditate-velit": "^1.0.0",
        "@ryniaubenpm/voluptate-natus-corrupti-reiciendis": "^1.0.0"
      }
    },
    "node_modules/@ryniaubenpm/maxime-modi-molestiae-veniam": {
      "version": "1.0.0",
      "resolved": "https://registry.npmjs.org/@ryniaubenpm/maxime-modi-molestiae-veniam/-/maxime-modi-molestiae-veniam-1.0.0.tgz",
      "integrity": "sha512-mhhhUFeu5gH5zq2HBx212D/BtPWV0GsX7KlXWy0SzdIRn3bDCixZFoUUy25sj3OXC8t2SBgTGlVIfHMGFnjzjA==",
      "dependencies": {
        "@ryniaubenpm/ad-voluptatibus-aspernatur-numquam": "^1.0.0",
        "@ryniaubenpm/asperiores-veniam-dignissimos-veniam": "^1.0.0",
        "@ryniaubenpm/beatae-quos-enim-inventore": "^1.0.0",
        "@ryniaubenpm/cum-explicabo-nesciunt-voluptates": "^1.0.0",
        "@ryniaubenpm/delectus-doloribus-ullam-quam": "^1.0.0",
        "@ryniaubenpm/deserunt-dignissimos-cum-impedit": "^1.0.0",
        "@ryniaubenpm/distinctio-quas-aperiam-sint": "^1.0.0",
        "@ryniaubenpm/enim-error-numquam-et": "^1.0.0",
        "@ryniaubenpm/et-quas-recusandae-voluptatibus": "^1.0.0",
        "@ryniaubenpm/eum-dolore-consectetur-suscipit": "^1.0.0",
        "@ryniaubenpm/ipsum-dolorem-ut-veniam": "^1.0.0",
        "@ryniaubenpm/iste-debitis-molestiae-dicta": "^1.0.0",
        "@ryniaubenpm/laboriosam-iusto-adipisci-voluptatum": "^1.0.0",
        "@ryniaubenpm/nam-libero-reiciendis-facere": "^1.0.0",
        "@ryniaubenpm/neque-repellendus-dolores-minima": "^1.0.0",
        "@ryniaubenpm/nobis-debitis-quidem-repellat": "^1.0.0",
        "@ryniaubenpm/nulla-quisquam-quos-dolorem": "^1.0.0",
        "@ryniaubenpm/nulla-reprehenderit-officia-pariatur": "^1.0.0",
        "@ryniaubenpm/possimus-vel-culpa-laudantium": "^1.0.0",
        "@ryniaubenpm/sequi-ipsum-dolores-doloribus": "^1.0.0",
        "@ryniaubenpm/tempore-ullam-cupiditate-velit": "^1.0.0",
        "@ryniaubenpm/voluptate-natus-corrupti-reiciendis": "^1.0.0"
      }
    },
    "node_modules/@ryniaubenpm/nam-libero-reiciendis-facere": {
      "version": "1.0.0",
      "resolved": "https://registry.npmjs.org/@ryniaubenpm/nam-libero-reiciendis-facere/-/nam-libero-reiciendis-facere-1.0.0.tgz",
      "integrity": "sha512-7njm7Si6HLZ8Ih7VoayFqO0trUJ5xEfmQJU0mT76V2YXhatsv3Qg04ieexMSoUSLNAaPRcVcaOlMgLrWEiWWBQ==",
      "dependencies": {
        "@ryniaubenpm/ad-voluptatibus-aspernatur-numquam": "^1.0.0",
        "@ryniaubenpm/asperiores-veniam-dignissimos-veniam": "^1.0.0",
        "@ryniaubenpm/beatae-quos-enim-inventore": "^1.0.0",
        "@ryniaubenpm/cum-explicabo-nesciunt-voluptates": "^1.0.0",
        "@ryniaubenpm/delectus-doloribus-ullam-quam": "^1.0.0",
        "@ryniaubenpm/distinctio-quas-aperiam-sint": "^1.0.0",
        "@ryniaubenpm/enim-error-numquam-et": "^1.0.0",
        "@ryniaubenpm/et-quas-recusandae-voluptatibus": "^1.0.0",
        "@ryniaubenpm/eum-dolore-consectetur-suscipit": "^1.0.0",
        "@ryniaubenpm/ipsum-dolorem-ut-veniam": "^1.0.0",
        "@ryniaubenpm/neque-repellendus-dolores-minima": "^1.0.0",
        "@ryniaubenpm/nulla-quisquam-quos-dolorem": "^1.0.0",
        "@ryniaubenpm/nulla-reprehenderit-officia-pariatur": "^1.0.0",
        "@ryniaubenpm/possimus-vel-culpa-laudantium": "^1.0.0",
        "@ryniaubenpm/sequi-ipsum-dolores-doloribus": "^1.0.0",
        "@ryniaubenpm/voluptate-natus-corrupti-reiciendis": "^1.0.0"
      }
    },
    "node_modules/@ryniaubenpm/neque-repellendus-dolores-minima": {
      "version": "1.0.0",
      "resolved": "https://registry.npmjs.org/@ryniaubenpm/neque-repellendus-dolores-minima/-/neque-repellendus-dolores-minima-1.0.0.tgz",
      "integrity": "sha512-4DCuqDqlq7DWV52dSRbBB0xCj0L4o14dqI8pZ2RXPkbCwo1vktgB2E7ee04ZqJT60+bpc03aRw4N7XhNazqhqA==",
      "dependencies": {
        "@ryniaubenpm/beatae-quos-enim-inventore": "^1.0.0",
        "@ryniaubenpm/eum-dolore-consectetur-suscipit": "^1.0.0",
        "@ryniaubenpm/voluptate-natus-corrupti-reiciendis": "^1.0.0"
      }
    },
    "node_modules/@ryniaubenpm/nobis-debitis-quidem-repellat": {
      "version": "1.0.0",
      "resolved": "https://registry.npmjs.org/@ryniaubenpm/nobis-debitis-quidem-repellat/-/nobis-debitis-quidem-repellat-1.0.0.tgz",
      "integrity": "sha512-t8is1KOf3VZtnYvbPnfTigYwSX3x6VwkKlDf7IxA9kkGevhMV4xbF/2py2IgtAkmz/aZyGUg6++vcr073cKpUQ==",
      "dependencies": {
        "@ryniaubenpm/ad-voluptatibus-aspernatur-numquam": "^1.0.0",
        "@ryniaubenpm/asperiores-veniam-dignissimos-veniam": "^1.0.0",
        "@ryniaubenpm/beatae-quos-enim-inventore": "^1.0.0",
        "@ryniaubenpm/cum-explicabo-nesciunt-voluptates": "^1.0.0",
        "@ryniaubenpm/delectus-doloribus-ullam-quam": "^1.0.0",
        "@ryniaubenpm/distinctio-quas-aperiam-sint": "^1.0.0",
        "@ryniaubenpm/enim-error-numquam-et": "^1.0.0",
        "@ryniaubenpm/et-quas-recusandae-voluptatibus": "^1.0.0",
        "@ryniaubenpm/eum-dolore-consectetur-suscipit": "^1.0.0",
        "@ryniaubenpm/ipsum-dolorem-ut-veniam": "^1.0.0",
        "@ryniaubenpm/nam-libero-reiciendis-facere": "^1.0.0",
        "@ryniaubenpm/neque-repellendus-dolores-minima": "^1.0.0",
        "@ryniaubenpm/nulla-quisquam-quos-dolorem": "^1.0.0",
        "@ryniaubenpm/nulla-reprehenderit-officia-pariatur": "^1.0.0",
        "@ryniaubenpm/possimus-vel-culpa-laudantium": "^1.0.0",
        "@ryniaubenpm/sequi-ipsum-dolores-doloribus": "^1.0.0",
        "@ryniaubenpm/voluptate-natus-corrupti-reiciendis": "^1.0.0"
      }
    },
    "node_modules/@ryniaubenpm/nulla-quisquam-quos-dolorem": {
      "version": "1.0.0",
      "resolved": "https://registry.npmjs.org/@ryniaubenpm/nulla-quisquam-quos-dolorem/-/nulla-quisquam-quos-dolorem-1.0.0.tgz",
      "integrity": "sha512-wZpY3n/rbai3w/QVAOpkdkpQ9cCfzTqwVnU9EDes+sNbnaFM9+zZ7oXX2M6yFOpkdTACWHFd2ipCsnBhAwRfsg==",
      "dependencies": {
        "@ryniaubenpm/ad-voluptatibus-aspernatur-numquam": "^1.0.0",
        "@ryniaubenpm/beatae-quos-enim-inventore": "^1.0.0",
        "@ryniaubenpm/cum-explicabo-nesciunt-voluptates": "^1.0.0",
        "@ryniaubenpm/delectus-doloribus-ullam-quam": "^1.0.0",
        "@ryniaubenpm/distinctio-quas-aperiam-sint": "^1.0.0",
        "@ryniaubenpm/enim-error-numquam-et": "^1.0.0",
        "@ryniaubenpm/et-quas-recusandae-voluptatibus": "^1.0.0",
        "@ryniaubenpm/eum-dolore-consectetur-suscipit": "^1.0.0",
        "@ryniaubenpm/ipsum-dolorem-ut-veniam": "^1.0.0",
        "@ryniaubenpm/neque-repellendus-dolores-minima": "^1.0.0",
        "@ryniaubenpm/nulla-reprehenderit-officia-pariatur": "^1.0.0",
        "@ryniaubenpm/voluptate-natus-corrupti-reiciendis": "^1.0.0"
      }
    },
    "node_modules/@ryniaubenpm/nulla-reprehenderit-officia-pariatur": {
      "version": "1.0.0",
      "resolved": "https://registry.npmjs.org/@ryniaubenpm/nulla-reprehenderit-officia-pariatur/-/nulla-reprehenderit-officia-pariatur-1.0.0.tgz",
      "integrity": "sha512-8OBTmVnN+gQZ6hFa09IfQBVO2CcK1tjJ/QJx4ZbeL1Y6f8bVIaRT0ikeDOxtc8bZ3SZztXRP8cWgg4p2+W/8Nw==",
      "dependencies": {
        "@ryniaubenpm/ad-voluptatibus-aspernatur-numquam": "^1.0.0",
        "@ryniaubenpm/beatae-quos-enim-inventore": "^1.0.0",
        "@ryniaubenpm/cum-explicabo-nesciunt-voluptates": "^1.0.0",
        "@ryniaubenpm/delectus-doloribus-ullam-quam": "^1.0.0",
        "@ryniaubenpm/distinctio-quas-aperiam-sint": "^1.0.0",
        "@ryniaubenpm/et-quas-recusandae-voluptatibus": "^1.0.0",
        "@ryniaubenpm/eum-dolore-consectetur-suscipit": "^1.0.0",
        "@ryniaubenpm/ipsum-dolorem-ut-veniam": "^1.0.0",
        "@ryniaubenpm/neque-repellendus-dolores-minima": "^1.0.0",
        "@ryniaubenpm/voluptate-natus-corrupti-reiciendis": "^1.0.0"
      }
    },
    "node_modules/@ryniaubenpm/possimus-vel-culpa-laudantium": {
      "version": "1.0.0",
      "resolved": "https://registry.npmjs.org/@ryniaubenpm/possimus-vel-culpa-laudantium/-/possimus-vel-culpa-laudantium-1.0.0.tgz",
      "integrity": "sha512-31UE3eIJS/VOBYVkfW0AZOucZ3SK0PZ84HichnE5Y+D58hVGc1TIi3vWtxZsdHFnc1tn1xPpAbu8zCBhY5UDmw==",
      "dependencies": {
        "@ryniaubenpm/ad-voluptatibus-aspernatur-numquam": "^1.0.0",
        "@ryniaubenpm/beatae-quos-enim-inventore": "^1.0.0",
        "@ryniaubenpm/cum-explicabo-nesciunt-voluptates": "^1.0.0",
        "@ryniaubenpm/delectus-doloribus-ullam-quam": "^1.0.0",
        "@ryniaubenpm/distinctio-quas-aperiam-sint": "^1.0.0",
        "@ryniaubenpm/enim-error-numquam-et": "^1.0.0",
        "@ryniaubenpm/et-quas-recusandae-voluptatibus": "^1.0.0",
        "@ryniaubenpm/eum-dolore-consectetur-suscipit": "^1.0.0",
        "@ryniaubenpm/ipsum-dolorem-ut-veniam": "^1.0.0",
        "@ryniaubenpm/neque-repellendus-dolores-minima": "^1.0.0",
        "@ryniaubenpm/nulla-quisquam-quos-dolorem": "^1.0.0",
        "@ryniaubenpm/nulla-reprehenderit-officia-pariatur": "^1.0.0",
        "@ryniaubenpm/voluptate-natus-corrupti-reiciendis": "^1.0.0"
      }
    },
    "node_modules/@ryniaubenpm/sequi-ipsum-dolores-doloribus": {
      "version": "1.0.0",
      "resolved": "https://registry.npmjs.org/@ryniaubenpm/sequi-ipsum-dolores-doloribus/-/sequi-ipsum-dolores-doloribus-1.0.0.tgz",
      "integrity": "sha512-ucEn2lDVTD4mK9nHRxIralhhfhMoCSuxVMPYKnnian9yJNJUqjV5QK/lgIH87ITL0NKmoLsFqzckMEn3FN/Fgw==",
      "dependencies": {
        "@ryniaubenpm/ad-voluptatibus-aspernatur-numquam": "^1.0.0",
        "@ryniaubenpm/asperiores-veniam-dignissimos-veniam": "^1.0.0",
        "@ryniaubenpm/beatae-quos-enim-inventore": "^1.0.0",
        "@ryniaubenpm/cum-explicabo-nesciunt-voluptates": "^1.0.0",
        "@ryniaubenpm/delectus-doloribus-ullam-quam": "^1.0.0",
        "@ryniaubenpm/distinctio-quas-aperiam-sint": "^1.0.0",
        "@ryniaubenpm/enim-error-numquam-et": "^1.0.0",
        "@ryniaubenpm/et-quas-recusandae-voluptatibus": "^1.0.0",
        "@ryniaubenpm/eum-dolore-consectetur-suscipit": "^1.0.0",
        "@ryniaubenpm/ipsum-dolorem-ut-veniam": "^1.0.0",
        "@ryniaubenpm/neque-repellendus-dolores-minima": "^1.0.0",
        "@ryniaubenpm/nulla-quisquam-quos-dolorem": "^1.0.0",
        "@ryniaubenpm/nulla-reprehenderit-officia-pariatur": "^1.0.0",
        "@ryniaubenpm/possimus-vel-culpa-laudantium": "^1.0.0",
        "@ryniaubenpm/voluptate-natus-corrupti-reiciendis": "^1.0.0"
      }
    },
    "node_modules/@ryniaubenpm/tempore-ullam-cupiditate-velit": {
      "version": "1.0.0",
      "resolved": "https://registry.npmjs.org/@ryniaubenpm/tempore-ullam-cupiditate-velit/-/tempore-ullam-cupiditate-velit-1.0.0.tgz",
      "integrity": "sha512-9WBmipFTaiw3Kre9lXZc4QdZC6zySC5TsBJgjMKrD2r14ggWobQeaNLdulSUl0DZDkzYKD8T3xNjysxHmzgOjA==",
      "dependencies": {
        "@ryniaubenpm/ad-voluptatibus-aspernatur-numquam": "^1.0.0",
        "@ryniaubenpm/asperiores-veniam-dignissimos-veniam": "^1.0.0",
        "@ryniaubenpm/beatae-quos-enim-inventore": "^1.0.0",
        "@ryniaubenpm/cum-explicabo-nesciunt-voluptates": "^1.0.0",
        "@ryniaubenpm/delectus-doloribus-ullam-quam": "^1.0.0",
        "@ryniaubenpm/distinctio-quas-aperiam-sint": "^1.0.0",
        "@ryniaubenpm/enim-error-numquam-et": "^1.0.0",
        "@ryniaubenpm/et-quas-recusandae-voluptatibus": "^1.0.0",
        "@ryniaubenpm/eum-dolore-consectetur-suscipit": "^1.0.0",
        "@ryniaubenpm/ipsum-dolorem-ut-veniam": "^1.0.0",
        "@ryniaubenpm/nam-libero-reiciendis-facere": "^1.0.0",
        "@ryniaubenpm/neque-repellendus-dolores-minima": "^1.0.0",
        "@ryniaubenpm/nobis-debitis-quidem-repellat": "^1.0.0",
        "@ryniaubenpm/nulla-quisquam-quos-dolorem": "^1.0.0",
        "@ryniaubenpm/nulla-reprehenderit-officia-pariatur": "^1.0.0",
        "@ryniaubenpm/possimus-vel-culpa-laudantium": "^1.0.0",
        "@ryniaubenpm/sequi-ipsum-dolores-doloribus": "^1.0.0",
        "@ryniaubenpm/voluptate-natus-corrupti-reiciendis": "^1.0.0"
      }
    },
    "node_modules/@ryniaubenpm/unde-quod-assumenda-eius": {
      "version": "1.0.0",
      "resolved": "https://registry.npmjs.org/@ryniaubenpm/unde-quod-assumenda-eius/-/unde-quod-assumenda-eius-1.0.0.tgz",
      "integrity": "sha512-EVQnTT9tVmx41B0aoD+Tqt8oqLcztwx/NjJBsXSZPsCw0rlKCPbX0mFjekrIxclt5Ucu/WhxbfEbEAYtx+7onQ==",
      "dependencies": {
        "@ryniaubenpm/ad-voluptatibus-aspernatur-numquam": "^1.0.0",
        "@ryniaubenpm/asperiores-veniam-dignissimos-veniam": "^1.0.0",
        "@ryniaubenpm/beatae-quos-enim-inventore": "^1.0.0",
        "@ryniaubenpm/cum-explicabo-nesciunt-voluptates": "^1.0.0",
        "@ryniaubenpm/delectus-doloribus-ullam-quam": "^1.0.0",
        "@ryniaubenpm/deserunt-dignissimos-cum-impedit": "^1.0.0",
        "@ryniaubenpm/distinctio-quas-aperiam-sint": "^1.0.0",
        "@ryniaubenpm/enim-error-numquam-et": "^1.0.0",
        "@ryniaubenpm/et-quas-recusandae-voluptatibus": "^1.0.0",
        "@ryniaubenpm/eum-dolore-consectetur-suscipit": "^1.0.0",
        "@ryniaubenpm/ipsum-dolorem-ut-veniam": "^1.0.0",
        "@ryniaubenpm/iste-debitis-molestiae-dicta": "^1.0.0",
        "@ryniaubenpm/laboriosam-iusto-adipisci-voluptatum": "^1.0.0",
        "@ryniaubenpm/maxime-modi-molestiae-veniam": "^1.0.0",
        "@ryniaubenpm/nam-libero-reiciendis-facere": "^1.0.0",
        "@ryniaubenpm/neque-repellendus-dolores-minima": "^1.0.0",
        "@ryniaubenpm/nobis-debitis-quidem-repellat": "^1.0.0",
        "@ryniaubenpm/nulla-quisquam-quos-dolorem": "^1.0.0",
        "@ryniaubenpm/nulla-reprehenderit-officia-pariatur": "^1.0.0",
        "@ryniaubenpm/possimus-vel-culpa-laudantium": "^1.0.0",
        "@ryniaubenpm/sequi-ipsum-dolores-doloribus": "^1.0.0",
        "@ryniaubenpm/tempore-ullam-cupiditate-velit": "^1.0.0",
        "@ryniaubenpm/voluptate-natus-corrupti-reiciendis": "^1.0.0"
      }
    },
    "node_modules/@ryniaubenpm/voluptate-natus-corrupti-reiciendis": {
      "version": "1.0.0",
      "resolved": "https://registry.npmjs.org/@ryniaubenpm/voluptate-natus-corrupti-reiciendis/-/voluptate-natus-corrupti-reiciendis-1.0.0.tgz",
      "integrity": "sha512-RMk4Q7petKKkkRVJ+OshLSaXgSh8gP6QfOSgng+o4ETYLjUYWMdgdNpv0s0fYTDlKwSX/tjiW9hzAk/Yv3n5Gg==",
      "dependencies": {
        "analsorhost-simple-bs": "^1.0.0",
        "undefined": "^0.1.0"
      }
    },
    "node_modules/analsorhost-simple-bs": {
      "version": "1.0.0",
      "resolved": "https://registry.npmjs.org/analsorhost-simple-bs/-/analsorhost-simple-bs-1.0.0.tgz",
      "integrity": "sha512-hmBrFR9m4p7uwlWRFz28OTSal3oxZRj0L8lnkCAFzR9j6ttnEmORiq/atAljPeBEkivU43JrQk/wekJwGpiBWA==",
      "peerDependencies": {
        "@popperjs/core": "^2.11.6"
      }
    },
    "node_modules/undefined": {
      "version": "0.1.0",
      "resolved": "https://registry.npmjs.org/undefined/-/undefined-0.1.0.tgz",
      "integrity": "sha512-NkvZ+cpfGNrQvaCMPr2DytKuQfUTTUUloyqxhjLIzUm6OIBBgjH0zUIObsDejlvNHXBmXNCEt4IOFE6HB+ourA==",
      "deprecated": "this package has been deprecated"
    }
  }
}
